PODS:
  - Alamofire (5.6.3)
  - Cache (6.0.0)
  - SnapKit (5.6.0)

DEPENDENCIES:
  - Alamofire
  - Cache
  - SnapKit

SPEC REPOS:
  trunk:
    - Alamofire
    - Cache
    - SnapKit

SPEC CHECKSUMS:
  Alamofire: 8b7a946e9db6f76e93eaa0d4c84e3751633959c9
  Cache: 4ca7e00363fca5455f26534e5607634c820ffc2d
  SnapKit: e01d52ebb8ddbc333eefe2132acf85c8227d9c25

PODFILE CHECKSUM: 0a954be9c24ebedf45c899de38ce61c681100fa4

COCOAPODS: 1.11.3
